<?xml version="1.0" encoding="utf-8"?>
<Project ToolsVersion="4.0" xmlns="http://schemas.microsoft.com/developer/msbuild/2003">
  <ItemGroup>
    <Filter Include="Source Files">
      <UniqueIdentifier>{4FC737F1-C7A5-4376-A066-2A32D752A2FF}</UniqueIdentifier>
      <Extensions>cpp;c;cc;cxx;c++;cppm;ixx;def;odl;idl;hpj;bat;asm;asmx</Extensions>
    </Filter>
    <Filter Include="Header Files">
      <UniqueIdentifier>{93995380-89BD-4b04-88EB-625FBE52EBFB}</UniqueIdentifier>
      <Extensions>h;hh;hpp;hxx;h++;hm;inl;inc;ipp;xsd</Extensions>
    </Filter>
    <Filter Include="Resource Files">
      <UniqueIdentifier>{67DA6AB6-F800-4c08-8B7A-83BB121AAD01}</UniqueIdentifier>
      <Extensions>rc;ico;cur;bmp;dlg;rc2;rct;bin;rgs;gif;jpg;jpeg;jpe;resx;tiff;tif;png;wav;mfcribbon-ms</Extensions>
    </Filter>
  </ItemGroup>
  <ItemGroup>
    <ClCompile Include="src\dllmain.cpp">
      <Filter>Source Files</Filter>
    </ClCompile>
    <ClCompile Include="src\KenshiPy_wraps.cpp">
      <Filter>Source Files</Filter>
    </ClCompile>
    <ClCompile Include="src\KenshiPy_Runtime.cpp">
      <Filter>Source Files</Filter>
    </ClCompile>
    <ClCompile Include="src\KenshiOgrePlugin.cpp">
      <Filter>Source Files</Filter>
    </ClCompile>
    <ClCompile Include="src\Console.cpp">
      <Filter>Source Files</Filter>
    </ClCompile>
  </ItemGroup>
  <ItemGroup>
    <ClInclude Include="include\ArtifactItemData_stub.h">
      <Filter>Header Files</Filter>
    </ClInclude>
    <ClInclude Include="include\CharMovement_guarded.h">
      <Filter>Header Files</Filter>
    </ClInclude>
    <ClInclude Include="include\KenshiPy_Runtime.h">
      <Filter>Header Files</Filter>
    </ClInclude>
    <ClInclude Include="include\KenshiOgrePlugin.h">
      <Filter>Header Files</Filter>
    </ClInclude>
    <ClInclude Include="include\Console.h">
      <Filter>Header Files</Filter>
    </ClInclude>
  </ItemGroup>
  <ItemGroup>
    <None Include="interfaces\kenshi\Bounty.i" />
    <None Include="interfaces\kenshi\BountyManager.i" />
    <None Include="interfaces\kenshi\Building.i" />
    <None Include="interfaces\kenshi\Character.i" />
    <None Include="interfaces\kenshi\CharacterAnimal.i" />
    <None Include="interfaces\kenshi\CharacterHuman.i" />
    <None Include="interfaces\kenshi\CharMovement.i" />
    <None Include="interfaces\kenshi\CharStats.i" />
    <None Include="interfaces\kenshi\CombatClass.i" />
    <None Include="interfaces\kenshi\CombatTechniqueData.i" />
    <None Include="interfaces\kenshi\Damages.i" />
    <None Include="interfaces\Debug.i" />
    <None Include="interfaces\kenshi\Dialogue.i" />
    <None Include="interfaces\kenshi\Enums.i" />
    <None Include="interfaces\kenshi\Faction.i" />
    <None Include="interfaces\kenshi\FactionLeader.i" />
    <None Include="interfaces\kenshi\FactionRelations.i" />
    <None Include="interfaces\kenshi\FactionUniqueSquadManager.i" />
    <None Include="interfaces\kenshi\FactionWarMgr.i" />
    <None Include="interfaces\kenshi\FitnessSelector.i" />
    <None Include="interfaces\core\Functions.i" />
    <None Include="interfaces\kenshi\GameData.i" />
    <None Include="interfaces\kenshi\GameDataManager.i" />
    <None Include="interfaces\kenshi\GameLauncher.i" />
    <None Include="interfaces\kenshi\GameSaveState.i" />
    <None Include="interfaces\kenshi\GameWorld.i" />
    <None Include="interfaces\kenshi\Gear.i" />
    <None Include="interfaces\kenshi\GlobalConstants.i" />
    <None Include="interfaces\kenshi\Globals.i" />
    <None Include="interfaces\kenshi\InputHandler.i" />
    <None Include="interfaces\kenshi\InstanceID.i" />
    <None Include="interfaces\kenshi\Inventory.i" />
    <None Include="interfaces\kenshi\Item.i" />
    <None Include="interfaces\kenshi\Kenshi.i" />
    <None Include="interfaces\kenshi\Logger.i" />
    <None Include="interfaces\kenshi\MedicalSystem.i" />
    <None Include="interfaces\kenshi\ModInfo.i" />
    <None Include="interfaces\kenshi\OptionsHolder.i" />
    <None Include="interfaces\kenshi\PhysicsActual.i" />
    <None Include="interfaces\kenshi\PhysicsCollection.i" />
    <None Include="interfaces\kenshi\PlayerInterface.i" />
    <None Include="interfaces\kenshi\RaceData.i" />
    <None Include="interfaces\kenshi\ResourceLoader.i" />
    <None Include="interfaces\kenshi\RootObject.i" />
    <None Include="interfaces\kenshi\RootObjectBase.i" />
    <None Include="interfaces\kenshi\RootObjectFactory.i" />
    <None Include="interfaces\kenshi\SaveFileSystem.i" />
    <None Include="interfaces\kenshi\SaveInfo.i" />
    <None Include="interfaces\kenshi\SaveManager.i" />
    <None Include="interfaces\kenshi\SensoryData.i" />
    <None Include="interfaces\kenshi\Tasker.i" />
    <None Include="interfaces\kenshi\ThreadClass.i" />
    <None Include="interfaces\kenshi\gui\Titlescreen.i" />
    <None Include="interfaces\kenshi\Town.i" />
    <None Include="interfaces\kenshi\TradeCulture.i" />
    <None Include="interfaces\kenshi\WorldEventStateQuery.i" />
    <None Include="interfaces\KenshiPy.i" />
    <None Include="src\KenshiPy.py" />
    <None Include="interfaces\kenshi\util\TagsClass.i" />
    <None Include="interfaces\kenshi\util\lektor.i" />
    <None Include="interfaces\kenshi\util\hand.i" />
    <None Include="interfaces\kenshi\util\Array2d.i" />
    <None Include="interfaces\kenshi\util\iVector2.i" />
    <None Include="interfaces\kenshi\util\PerfTimer.i" />
    <None Include="interfaces\kenshi\util\StringPair.i" />
    <None Include="interfaces\kenshi\util\UtilityT.i" />
    <None Include="interfaces\kenshi\Platoon.i" />
    <None Include="interfaces\kenshi\Appearance.i" />
    <None Include="interfaces\mygui\MyGUI.i" />
    <None Include="interfaces\ogre\Ogre.i" />
    <None Include="interfaces\kenshi\AppearanceManager.i" />
    <None Include="src\KenshiPyHook.py" />
    <None Include="interfaces\kenshi\BuildingDesignation_enum.i" />
  </ItemGroup>
</Project>